Microsoft Visual Studio Solution File, Format Version 12.00
# Visual Studio Version 17
VisualStudioVersion = 17.5.2.0
MinimumVisualStudioVersion = 10.0.40219.1
Project("{FAE04EC0-301F-11D3-BF4B-00C04F79EFBC}") = "Pastebin", "Pastebin.csproj", "{A3EF08CB-9EF9-392D-EB08-47AED10647BD}"
EndProject
Global
	GlobalSection(SolutionConfigurationPlatforms) = preSolution
		Debug|Any CPU = Debug|Any CPU
		Release|Any CPU = Release|Any CPU
	EndGlobalSection
	GlobalSection(ProjectConfigurationPlatforms) = postSolution
		{A3EF08CB-9EF9-392D-EB08-47AED10647BD}.Debug|Any CPU.ActiveCfg = Debug|Any CPU
		{A3EF08CB-9EF9-392D-EB08-47AED10647BD}.Debug|Any CPU.Build.0 = Debug|Any CPU
		{A3EF08CB-9EF9-392D-EB08-47AED10647BD}.Release|Any CPU.ActiveCfg = Release|Any CPU
		{A3EF08CB-9EF9-392D-EB08-47AED10647BD}.Release|Any CPU.Build.0 = Release|Any CPU
	EndGlobalSection
	GlobalSection(SolutionProperties) = preSolution
		HideSolutionNode = FALSE
	EndGlobalSection
	GlobalSection(ExtensibilityGlobals) = postSolution
		SolutionGuid = {A5C8D181-344B-46DE-B345-1B8EBB686833}
	EndGlobalSection
EndGlobal
